// !$*UTF8*$!
{
	archiveVersion = 1;
	classes = {
	};
	objectVersion = 46;
	objects = {

/* Begin PBXBuildFile section */
		653D31541CC48AFD00B66185 /* Photorama.xcdatamodeld in Sources */ = {isa = PBXBuildFile; fileRef = 653D31521CC48AFD00B66185 /* Photorama.xcdatamodeld */; };
		653D31571CC4916D00B66185 /* Photo+CoreDataProperties.swift in Sources */ = {isa = PBXBuildFile; fileRef = 653D31551CC4916D00B66185 /* Photo+CoreDataProperties.swift */; };
		653D31581CC4916D00B66185 /* Photo.swift in Sources */ = {isa = PBXBuildFile; fileRef = 653D31561CC4916D00B66185 /* Photo.swift */; };
		653D315A1CC496DC00B66185 /* CoreDataStack.swift in Sources */ = {isa = PBXBuildFile; fileRef = 653D31591CC496DC00B66185 /* CoreDataStack.swift */; };
		656EC68D1CBF569A000767DE /* PhotoDataSource.swift in Sources */ = {isa = PBXBuildFile; fileRef = 656EC68C1CBF569A000767DE /* PhotoDataSource.swift */; };
		656EC68F1CBFBBEC000767DE /* PhotoCollectionViewCell.swift in Sources */ = {isa = PBXBuildFile; fileRef = 656EC68E1CBFBBEC000767DE /* PhotoCollectionViewCell.swift */; };
		656EC6911CC0D28D000767DE /* PhotoInfoViewController.swift in Sources */ = {isa = PBXBuildFile; fileRef = 656EC6901CC0D28D000767DE /* PhotoInfoViewController.swift */; };
		656FE2471CC4D78B005DC715 /* ImageStore.swift in Sources */ = {isa = PBXBuildFile; fileRef = 656FE2461CC4D78B005DC715 /* ImageStore.swift */; };
		6570F6111CBCB4F900CB285A /* AppDelegate.swift in Sources */ = {isa = PBXBuildFile; fileRef = 6570F6101CBCB4F900CB285A /* AppDelegate.swift */; };
		6570F6161CBCB4F900CB285A /* Main.storyboard in Resources */ = {isa = PBXBuildFile; fileRef = 6570F6141CBCB4F900CB285A /* Main.storyboard */; };
		6570F6181CBCB4F900CB285A /* Assets.xcassets in Resources */ = {isa = PBXBuildFile; fileRef = 6570F6171CBCB4F900CB285A /* Assets.xcassets */; };
		6570F61B1CBCB4F900CB285A /* LaunchScreen.storyboard in Resources */ = {isa = PBXBuildFile; fileRef = 6570F6191CBCB4F900CB285A /* LaunchScreen.storyboard */; };
		6570F6231CBCB53300CB285A /* PhotosViewController.swift in Sources */ = {isa = PBXBuildFile; fileRef = 6570F6221CBCB53300CB285A /* PhotosViewController.swift */; };
		6570F6251CBCB97400CB285A /* FlickrAPI.swift in Sources */ = {isa = PBXBuildFile; fileRef = 6570F6241CBCB97400CB285A /* FlickrAPI.swift */; };
		6570F6271CBCED0B00CB285A /* PhotoStore.swift in Sources */ = {isa = PBXBuildFile; fileRef = 6570F6261CBCED0B00CB285A /* PhotoStore.swift */; };
/* End PBXBuildFile section */

/* Begin PBXFileReference section */
		653D31531CC48AFD00B66185 /* Photorama.xcdatamodel */ = {isa = PBXFileReference; lastKnownFileType = wrapper.xcdatamodel; path = Photorama.xcdatamodel; sourceTree = "<group>"; };
		653D31551CC4916D00B66185 /* Photo+CoreDataProperties.swift */ = {isa = PBXFileReference; fileEncoding = 4; lastKnownFileType = sourcecode.swift; path = "Photo+CoreDataProperties.swift"; sourceTree = "<group>"; };
		653D31561CC4916D00B66185 /* Photo.swift */ = {isa = PBXFileReference; fileEncoding = 4; lastKnownFileType = sourcecode.swift; path = Photo.swift; sourceTree = "<group>"; };
		653D31591CC496DC00B66185 /* CoreDataStack.swift */ = {isa = PBXFileReference; fileEncoding = 4; lastKnownFileType = sourcecode.swift; path = CoreDataStack.swift; sourceTree = "<group>"; };
		656EC68C1CBF569A000767DE /* PhotoDataSource.swift */ = {isa = PBXFileReference; fileEncoding = 4; lastKnownFileType = sourcecode.swift; path = PhotoDataSource.swift; sourceTree = "<group>"; };
		656EC68E1CBFBBEC000767DE /* PhotoCollectionViewCell.swift */ = {isa = PBXFileReference; fileEncoding = 4; lastKnownFileType = sourcecode.swift; path = PhotoCollectionViewCell.swift; sourceTree = "<group>"; };
		656EC6901CC0D28D000767DE /* PhotoInfoViewController.swift */ = {isa = PBXFileReference; fileEncoding = 4; lastKnownFileType = sourcecode.swift; path = PhotoInfoViewController.swift; sourceTree = "<group>"; };
		656FE2461CC4D78B005DC715 /* ImageStore.swift */ = {isa = PBXFileReference; fileEncoding = 4; lastKnownFileType = sourcecode.swift; path = ImageStore.swift; sourceTree = "<group>"; };
		6570F60D1CBCB4F900CB285A /* BNR_Photorama.app */ = {isa = PBXFileReference; explicitFileType = wrapper.application; includeInIndex = 0; path = BNR_Photorama.app; sourceTree = BUILT_PRODUCTS_DIR; };
		6570F6101CBCB4F900CB285A /* AppDelegate.swift */ = {isa = PBXFileReference; lastKnownFileType = sourcecode.swift; path = AppDelegate.swift; sourceTree = "<group>"; };
		6570F6151CBCB4F900CB285A /* Base */ = {isa = PBXFileReference; lastKnownFileType = file.storyboard; name = Base; path = Base.lproj/Main.storyboard; sourceTree = "<group>"; };
		6570F6171CBCB4F900CB285A /* Assets.xcassets */ = {isa = PBXFileReference; lastKnownFileType = folder.assetcatalog; path = Assets.xcassets; sourceTree = "<group>"; };
		6570F61A1CBCB4F900CB285A /* Base */ = {isa = PBXFileReference; lastKnownFileType = file.storyboard; name = Base; path = Base.lproj/LaunchScreen.storyboard; sourceTree = "<group>"; };
		6570F61C1CBCB4F900CB285A /* Info.plist */ = {isa = PBXFileReference; lastKnownFileType = text.plist.xml; path = Info.plist; sourceTree = "<group>"; };
		6570F6221CBCB53300CB285A /* PhotosViewController.swift */ = {isa = PBXFileReference; fileEncoding = 4; lastKnownFileType = sourcecode.swift; path = PhotosViewController.swift; sourceTree = "<group>"; };
		6570F6241CBCB97400CB285A /* FlickrAPI.swift */ = {isa = PBXFileReference; fileEncoding = 4; lastKnownFileType = sourcecode.swift; path = FlickrAPI.swift; sourceTree = "<group>"; };
		6570F6261CBCED0B00CB285A /* PhotoStore.swift */ = {isa = PBXFileReference; fileEncoding = 4; lastKnownFileType = sourcecode.swift; path = PhotoStore.swift; sourceTree = "<group>"; };
/* End PBXFileReference section */

/* Begin PBXFrameworksBuildPhase section */
		6570F60A1CBCB4F900CB285A /* Frameworks */ = {
			isa = PBXFrameworksBuildPhase;
			buildActionMask = 2147483647;
			files = (
			);
			runOnlyForDeploymentPostprocessing = 0;
		};
/* End PBXFrameworksBuildPhase section */

/* Begin PBXGroup section */
		6570F6041CBCB4F900CB285A = {
			isa = PBXGroup;
			children = (
				6570F60F1CBCB4F900CB285A /* BNR_Photorama */,
				6570F60E1CBCB4F900CB285A /* Products */,
			);
			sourceTree = "<group>";
		};
		6570F60E1CBCB4F900CB285A /* Products */ = {
			isa = PBXGroup;
			children = (
				6570F60D1CBCB4F900CB285A /* BNR_Photorama.app */,
			);
			name = Products;
			sourceTree = "<group>";
		};
		6570F60F1CBCB4F900CB285A /* BNR_Photorama */ = {
			isa = PBXGroup;
			children = (
				6570F6241CBCB97400CB285A /* FlickrAPI.swift */,
				656FE2461CC4D78B005DC715 /* ImageStore.swift */,
				653D31551CC4916D00B66185 /* Photo+CoreDataProperties.swift */,
				653D31561CC4916D00B66185 /* Photo.swift */,
				656EC68E1CBFBBEC000767DE /* PhotoCollectionViewCell.swift */,
				656EC68C1CBF569A000767DE /* PhotoDataSource.swift */,
				656EC6901CC0D28D000767DE /* PhotoInfoViewController.swift */,
				6570F6261CBCED0B00CB285A /* PhotoStore.swift */,
				6570F6221CBCB53300CB285A /* PhotosViewController.swift */,
				653D31591CC496DC00B66185 /* CoreDataStack.swift */,
				653D31521CC48AFD00B66185 /* Photorama.xcdatamodeld */,
				6570F6101CBCB4F900CB285A /* AppDelegate.swift */,
				6570F6141CBCB4F900CB285A /* Main.storyboard */,
				6570F6171CBCB4F900CB285A /* Assets.xcassets */,
				6570F6191CBCB4F900CB285A /* LaunchScreen.storyboard */,
				6570F61C1CBCB4F900CB285A /* Info.plist */,
			);
			path = BNR_Photorama;
			sourceTree = "<group>";
		};
/* End PBXGroup section */

/* Begin PBXNativeTarget section */
		6570F60C1CBCB4F900CB285A /* BNR_Photorama */ = {
			isa = PBXNativeTarget;
			buildConfigurationList = 6570F61F1CBCB4F900CB285A /* Build configuration list for PBXNativeTarget "BNR_Photorama" */;
			buildPhases = (
				6570F6091CBCB4F900CB285A /* Sources */,
				6570F60A1CBCB4F900CB285A /* Frameworks */,
				6570F60B1CBCB4F900CB285A /* Resources */,
			);
			buildRules = (
			);
			dependencies = (
			);
			name = BNR_Photorama;
			productName = BNR_Photorama;
			productReference = 6570F60D1CBCB4F900CB285A /* BNR_Photorama.app */;
			productType = "com.apple.product-type.application";
		};
/* End PBXNativeTarget section */

/* Begin PBXProject section */
		6570F6051CBCB4F900CB285A /* Project object */ = {
			isa = PBXProject;
			attributes = {
				LastSwiftUpdateCheck = 0720;
				LastUpgradeCheck = 0720;
				ORGANIZATIONNAME = "Yohannes Wijaya";
				TargetAttributes = {
					6570F60C1CBCB4F900CB285A = {
						CreatedOnToolsVersion = 7.2.1;
						DevelopmentTeam = 4Z5JKF2M6S;
					};
				};
			};
			buildConfigurationList = 6570F6081CBCB4F900CB285A /* Build configuration list for PBXProject "BNR_Photorama" */;
			compatibilityVersion = "Xcode 3.2";
			developmentRegion = English;
			hasScannedForEncodings = 0;
			knownRegions = (
				en,
				Base,
			);
			mainGroup = 6570F6041CBCB4F900CB285A;
			productRefGroup = 6570F60E1CBCB4F900CB285A /* Products */;
			projectDirPath = "";
			projectRoot = "";
			targets = (
				6570F60C1CBCB4F900CB285A /* BNR_Photorama */,
			);
		};
/* End PBXProject section */

/* Begin PBXResourcesBuildPhase section */
		6570F60B1CBCB4F900CB285A /* Resources */ = {
			isa = PBXResourcesBuildPhase;
			buildActionMask = 2147483647;
			files = (
				6570F61B1CBCB4F900CB285A /* LaunchScreen.storyboard in Resources */,
				6570F6181CBCB4F900CB285A /* Assets.xcassets in Resources */,
				6570F6161CBCB4F900CB285A /* Main.storyboard in Resources */,
			);
			runOnlyForDeploymentPostprocessing = 0;
		};
/* End PBXResourcesBuildPhase section */

/* Begin PBXSourcesBuildPhase section */
		6570F6091CBCB4F900CB285A /* Sources */ = {
			isa = PBXSourcesBuildPhase;
			buildActionMask = 2147483647;
			files = (
				6570F6251CBCB97400CB285A /* FlickrAPI.swift in Sources */,
				6570F6231CBCB53300CB285A /* PhotosViewController.swift in Sources */,
				653D31541CC48AFD00B66185 /* Photorama.xcdatamodeld in Sources */,
				6570F6271CBCED0B00CB285A /* PhotoStore.swift in Sources */,
				653D31581CC4916D00B66185 /* Photo.swift in Sources */,
				656EC68D1CBF569A000767DE /* PhotoDataSource.swift in Sources */,
				653D315A1CC496DC00B66185 /* CoreDataStack.swift in Sources */,
				656EC68F1CBFBBEC000767DE /* PhotoCollectionViewCell.swift in Sources */,
				653D31571CC4916D00B66185 /* Photo+CoreDataProperties.swift in Sources */,
				656EC6911CC0D28D000767DE /* PhotoInfoViewController.swift in Sources */,
				6570F6111CBCB4F900CB285A /* AppDelegate.swift in Sources */,
				656FE2471CC4D78B005DC715 /* ImageStore.swift in Sources */,
			);
			runOnlyForDeploymentPostprocessing = 0;
		};
/* End PBXSourcesBuildPhase section */

/* Begin PBXVariantGroup section */
		6570F6141CBCB4F900CB285A /* Main.storyboard */ = {
			isa = PBXVariantGroup;
			children = (
				6570F6151CBCB4F900CB285A /* Base */,
			);
			name = Main.storyboard;
			sourceTree = "<group>";
		};
		6570F6191CBCB4F900CB285A /* LaunchScreen.storyboard */ = {
			isa = PBXVariantGroup;
			children = (
				6570F61A1CBCB4F900CB285A /* Base */,
			);
			name = LaunchScreen.storyboard;
			sourceTree = "<group>";
		};
/* End PBXVariantGroup section */

/* Begin XCBuildConfiguration section */
		6570F61D1CBCB4F900CB285A /* Debug */ = {
			isa = XCBuildConfiguration;
			buildSettings = {
				ALWAYS_SEARCH_USER_PATHS = NO;
				CLANG_CXX_LANGUAGE_STANDARD = "gnu++0x";
				CLANG_CXX_LIBRARY = "libc++";
				CLANG_ENABLE_MODULES = YES;
				CLANG_ENABLE_OBJC_ARC = YES;
				CLANG_WARN_BOOL_CONVERSION = YES;
				CLANG_WARN_CONSTANT_CONVERSION = YES;
				CLANG_WARN_DIRECT_OBJC_ISA_USAGE = YES_ERROR;
				CLANG_WARN_EMPTY_BODY = YES;
				CLANG_WARN_ENUM_CONVERSION = YES;
				CLANG_WARN_INT_CONVERSION = YES;
				CLANG_WARN_OBJC_ROOT_CLASS = YES_ERROR;
				CLANG_WARN_UNREACHABLE_CODE = YES;
				CLANG_WARN__DUPLICATE_METHOD_MATCH = YES;
				"CODE_SIGN_IDENTITY[sdk=iphoneos*]" = "iPhone Developer";
				COPY_PHASE_STRIP = NO;
				DEBUG_INFORMATION_FORMAT = dwarf;
				ENABLE_STRICT_OBJC_MSGSEND = YES;
				ENABLE_TESTABILITY = YES;
				GCC_C_LANGUAGE_STANDARD = gnu99;
				GCC_DYNAMIC_NO_PIC = NO;
				GCC_NO_COMMON_BLOCKS = YES;
				GCC_OPTIMIZATION_LEVEL = 0;
				GCC_PREPROCESSOR_DEFINITIONS = (
					"DEBUG=1",
					"$(inherited)",
				);
				GCC_WARN_64_TO_32_BIT_CONVERSION = YES;
				GCC_WARN_ABOUT_RETURN_TYPE = YES_ERROR;
				GCC_WARN_UNDECLARED_SELECTOR = YES;
				GCC_WARN_UNINITIALIZED_AUTOS = YES_AGGRESSIVE;
				GCC_WARN_UNUSED_FUNCTION = YES;
				GCC_WARN_UNUSED_VARIABLE = YES;
				IPHONEOS_DEPLOYMENT_TARGET = 9.2;
				MTL_ENABLE_DEBUG_INFO = YES;
				ONLY_ACTIVE_ARCH = YES;
				SDKROOT = iphoneos;
				SWIFT_OPTIMIZATION_LEVEL = "-Onone";
				TARGETED_DEVICE_FAMILY = "1,2";
			};
			name = Debug;
		};
		6570F61E1CBCB4F900CB285A /* Release */ = {
			isa = XCBuildConfiguration;
			buildSettings = {
				ALWAYS_SEARCH_USER_PATHS = NO;
				CLANG_CXX_LANGUAGE_STANDARD = "gnu++0x";
				CLANG_CXX_LIBRARY = "libc++";
				CLANG_ENABLE_MODULES = YES;
				CLANG_ENABLE_OBJC_ARC = YES;
				CLANG_WARN_BOOL_CONVERSION = YES;
				CLANG_WARN_CONSTANT_CONVERSION = YES;
				CLANG_WARN_DIRECT_OBJC_ISA_USAGE = YES_ERROR;
				CLANG_WARN_EMPTY_BODY = YES;
				CLANG_WARN_ENUM_CONVERSION = YES;
				CLANG_WARN_INT_CONVERSION = YES;
				CLANG_WARN_OBJC_ROOT_CLASS = YES_ERROR;
				CLANG_WARN_UNREACHABLE_CODE = YES;
				CLANG_WARN__DUPLICATE_METHOD_MATCH = YES;
				"CODE_SIGN_IDENTITY[sdk=iphoneos*]" = "iPhone Developer";
				COPY_PHASE_STRIP = NO;
				DEBUG_INFORMATION_FORMAT = "dwarf-with-dsym";
				ENABLE_NS_ASSERTIONS = NO;
				ENABLE_STRICT_OBJC_MSGSEND = YES;
				GCC_C_LANGUAGE_STANDARD = gnu99;
				GCC_NO_COMMON_BLOCKS = YES;
				GCC_WARN_64_TO_32_BIT_CONVERSION = YES;
				GCC_WARN_ABOUT_RETURN_TYPE = YES_ERROR;
				GCC_WARN_UNDECLARED_SELECTOR = YES;
				GCC_WARN_UNINITIALIZED_AUTOS = YES_AGGRESSIVE;
				GCC_WARN_UNUSED_FUNCTION = YES;
				GCC_WARN_UNUSED_VARIABLE = YES;
				IPHONEOS_DEPLOYMENT_TARGET = 9.2;
				MTL_ENABLE_DEBUG_INFO = NO;
				SDKROOT = iphoneos;
				TARGETED_DEVICE_FAMILY = "1,2";
				VALIDATE_PRODUCT = YES;
			};
			name = Release;
		};
		6570F6201CBCB4F900CB285A /* Debug */ = {
			isa = XCBuildConfiguration;
			buildSettings = {
				ASSETCATALOG_COMPILER_APPICON_NAME = AppIcon;
				INFOPLIST_FILE = BNR_Photorama/Info.plist;
				LD_RUNPATH_SEARCH_PATHS = "$(inherited) @executable_path/Frameworks";
				PRODUCT_BUNDLE_IDENTIFIER = "self.fearless.BNR-Photorama";
				PRODUCT_NAME = "$(TARGET_NAME)";
			};
			name = Debug;
		};
		6570F6211CBCB4F900CB285A /* Release */ = {
			isa = XCBuildConfiguration;
			buildSettings = {
				ASSETCATALOG_COMPILER_APPICON_NAME = AppIcon;
				INFOPLIST_FILE = BNR_Photorama/Info.plist;
				LD_RUNPATH_SEARCH_PATHS = "$(inherited) @executable_path/Frameworks";
				PRODUCT_BUNDLE_IDENTIFIER = "self.fearless.BNR-Photorama";
				PRODUCT_NAME = "$(TARGET_NAME)";
			};
			name = Release;
		};
/* End XCBuildConfiguration section */

/* Begin XCConfigurationList section */
		6570F6081CBCB4F900CB285A /* Build configuration list for PBXProject "BNR_Photorama" */ = {
			isa = XCConfigurationList;
			buildConfigurations = (
				6570F61D1CBCB4F900CB285A /* Debug */,
				6570F61E1CBCB4F900CB285A /* Release */,
			);
			defaultConfigurationIsVisible = 0;
			defaultConfigurationName = Release;
		};
		6570F61F1CBCB4F900CB285A /* Build configuration list for PBXNativeTarget "BNR_Photorama" */ = {
			isa = XCConfigurationList;
			buildConfigurations = (
				6570F6201CBCB4F900CB285A /* Debug */,
				6570F6211CBCB4F900CB285A /* Release */,
			);
			defaultConfigurationIsVisible = 0;
			defaultConfigurationName = Release;
		};
/* End XCConfigurationList section */

/* Begin XCVersionGroup section */
		653D31521CC48AFD00B66185 /* Photorama.xcdatamodeld */ = {
			isa = XCVersionGroup;
			children = (
				653D31531CC48AFD00B66185 /* Photorama.xcdatamodel */,
			);
			currentVersion = 653D31531CC48AFD00B66185 /* Photorama.xcdatamodel */;
			path = Photorama.xcdatamodeld;
			sourceTree = "<group>";
			versionGroupType = wrapper.xcdatamodel;
		};
/* End XCVersionGroup section */
	};
	rootObject = 6570F6051CBCB4F900CB285A /* Project object */;
}
